
Microsoft Visual Studio Solution File, Format Version 12.00
Project("{FAE04EC0-301F-11D3-BF4B-00C04F79EFBC}") = "GuildBotTemplate", "GuildBotTemplate\GuildBotTemplate.csproj", "{D28F642D-D521-4CFE-BB0B-D44C4C3B03D2}"
EndProject
Global
	GlobalSection(SolutionConfigurationPlatforms) = preSolution
		Debug|Any CPU = Debug|Any CPU
		Release|Any CPU = Release|Any CPU
	EndGlobalSection
	GlobalSection(ProjectConfigurationPlatforms) = postSolution
		{D28F642D-D521-4CFE-BB0B-D44C4C3B03D2}.Debug|Any CPU.ActiveCfg = Debug|Any CPU
		{D28F642D-D521-4CFE-BB0B-D44C4C3B03D2}.Debug|Any CPU.Build.0 = Debug|Any CPU
		{D28F642D-D521-4CFE-BB0B-D44C4C3B03D2}.Release|Any CPU.ActiveCfg = Release|Any CPU
		{D28F642D-D521-4CFE-BB0B-D44C4C3B03D2}.Release|Any CPU.Build.0 = Release|Any CPU
	EndGlobalSection
EndGlobal
